
Microsoft Visual Studio Solution File, Format Version 12.00
# Visual Studio Version 17
VisualStudioVersion = 17.2.32519.379
MinimumVisualStudioVersion = 10.0.40219.1
Project("{9A19103F-16F7-4668-BE54-9A1E7A4F7556}") = "Kosdas.TestConsole", "Kosdas.TestConsole\Kosdas.TestConsole.csproj", "{A94E78FD-DF0E-4F77-94C4-E6B1401A8914}"
EndProject
Project("{9A19103F-16F7-4668-BE54-9A1E7A4F7556}") = "Kosdas.TestWinform", "Kosdas.TestWinform\Kosdas.TestWinform.csproj", "{31E9C461-B30F-443A-8931-61B8B733055F}"
EndProject
Project("{9A19103F-16F7-4668-BE54-9A1E7A4F7556}") = "Kosdas.UnitTestProject", "Kosdas.UnitTestProject\Kosdas.UnitTestProject.csproj", "{A97A65F0-48F1-4D36-9A62-98CA45D8FD33}"
EndProject
Project("{2150E333-8FDC-42A3-9474-1A3956D46DE8}") = "Tests", "Tests", "{21DE3218-4556-42A8-B9C3-0089AD804CB8}"
EndProject
Project("{2150E333-8FDC-42A3-9474-1A3956D46DE8}") = "documents", "documents", "{056F705E-FD8A-4FE8-8C2B-6A931477769B}"
	ProjectSection(SolutionItems) = preProject
		README.md = README.md
	EndProjectSection
EndProject
Project("{2150E333-8FDC-42A3-9474-1A3956D46DE8}") = "images", "images", "{F102B1E5-477A-4EF5-9ABB-464EBEFA74E1}"
	ProjectSection(SolutionItems) = preProject
		documents\images\kosdas package icon.png = documents\images\kosdas package icon.png
	EndProjectSection
EndProject
Project("{9A19103F-16F7-4668-BE54-9A1E7A4F7556}") = "Kosdas", "Kosdas\Kosdas.csproj", "{E8142607-0CF5-4AF9-BE45-3169F4C7DFB2}"
EndProject
Project("{9A19103F-16F7-4668-BE54-9A1E7A4F7556}") = "DataVisualizer.Contract", "..\DataVisualizer\DataVisualizer.Contract\DataVisualizer.Contract.csproj", "{82573EA2-7FF3-4910-929F-8ED4436A9A26}"
EndProject
Global
	GlobalSection(SolutionConfigurationPlatforms) = preSolution
		Debug|Any CPU = Debug|Any CPU
		Release|Any CPU = Release|Any CPU
	EndGlobalSection
	GlobalSection(ProjectConfigurationPlatforms) = postSolution
		{A94E78FD-DF0E-4F77-94C4-E6B1401A8914}.Debug|Any CPU.ActiveCfg = Debug|Any CPU
		{A94E78FD-DF0E-4F77-94C4-E6B1401A8914}.Debug|Any CPU.Build.0 = Debug|Any CPU
		{A94E78FD-DF0E-4F77-94C4-E6B1401A8914}.Release|Any CPU.ActiveCfg = Release|Any CPU
		{A94E78FD-DF0E-4F77-94C4-E6B1401A8914}.Release|Any CPU.Build.0 = Release|Any CPU
		{31E9C461-B30F-443A-8931-61B8B733055F}.Debug|Any CPU.ActiveCfg = Debug|Any CPU
		{31E9C461-B30F-443A-8931-61B8B733055F}.Debug|Any CPU.Build.0 = Debug|Any CPU
		{31E9C461-B30F-443A-8931-61B8B733055F}.Release|Any CPU.ActiveCfg = Release|Any CPU
		{31E9C461-B30F-443A-8931-61B8B733055F}.Release|Any CPU.Build.0 = Release|Any CPU
		{A97A65F0-48F1-4D36-9A62-98CA45D8FD33}.Debug|Any CPU.ActiveCfg = Debug|Any CPU
		{A97A65F0-48F1-4D36-9A62-98CA45D8FD33}.Debug|Any CPU.Build.0 = Debug|Any CPU
		{A97A65F0-48F1-4D36-9A62-98CA45D8FD33}.Release|Any CPU.ActiveCfg = Release|Any CPU
		{A97A65F0-48F1-4D36-9A62-98CA45D8FD33}.Release|Any CPU.Build.0 = Release|Any CPU
		{E8142607-0CF5-4AF9-BE45-3169F4C7DFB2}.Debug|Any CPU.ActiveCfg = Debug|Any CPU
		{E8142607-0CF5-4AF9-BE45-3169F4C7DFB2}.Debug|Any CPU.Build.0 = Debug|Any CPU
		{E8142607-0CF5-4AF9-BE45-3169F4C7DFB2}.Release|Any CPU.ActiveCfg = Release|Any CPU
		{E8142607-0CF5-4AF9-BE45-3169F4C7DFB2}.Release|Any CPU.Build.0 = Release|Any CPU
		{82573EA2-7FF3-4910-929F-8ED4436A9A26}.Debug|Any CPU.ActiveCfg = Debug|Any CPU
		{82573EA2-7FF3-4910-929F-8ED4436A9A26}.Debug|Any CPU.Build.0 = Debug|Any CPU
		{82573EA2-7FF3-4910-929F-8ED4436A9A26}.Release|Any CPU.ActiveCfg = Release|Any CPU
		{82573EA2-7FF3-4910-929F-8ED4436A9A26}.Release|Any CPU.Build.0 = Release|Any CPU
	EndGlobalSection
	GlobalSection(SolutionProperties) = preSolution
		HideSolutionNode = FALSE
	EndGlobalSection
	GlobalSection(NestedProjects) = preSolution
		{A94E78FD-DF0E-4F77-94C4-E6B1401A8914} = {21DE3218-4556-42A8-B9C3-0089AD804CB8}
		{31E9C461-B30F-443A-8931-61B8B733055F} = {21DE3218-4556-42A8-B9C3-0089AD804CB8}
		{A97A65F0-48F1-4D36-9A62-98CA45D8FD33} = {21DE3218-4556-42A8-B9C3-0089AD804CB8}
		{F102B1E5-477A-4EF5-9ABB-464EBEFA74E1} = {056F705E-FD8A-4FE8-8C2B-6A931477769B}
	EndGlobalSection
	GlobalSection(ExtensibilityGlobals) = postSolution
		SolutionGuid = {2646B03B-AFA3-4021-8A48-42C61A6EE63B}
	EndGlobalSection
EndGlobal
